<?xml version="1.0" encoding="utf-8"?>
<Project ToolsVersion="4.0" xmlns:atg="http://atg.xbox.com" xmlns="http://schemas.microsoft.com/developer/msbuild/2003">
  <ItemGroup>
    <Filter Include="Resource Files">
      <UniqueIdentifier>{8e114980-c1a3-4ada-ad7c-83caadf5daeb}</UniqueIdentifier>
      <Extensions>rc;ico;cur;bmp;dlg;rc2;rct;bin;rgs;gif;jpg;jpeg;jpe</Extensions>
    </Filter>
    <Filter Include="DXUT">
      <UniqueIdentifier>{a43c5c25-0e86-4a20-b64a-883785ff74fd}</UniqueIdentifier>
    </Filter>
    <Filter Include="Shaders">
      <UniqueIdentifier>{2c3d4c8c-5d1a-459a-a05a-a4e4b608a44e}</UniqueIdentifier>
      <Extensions>fx;fxh;hlsl</Extensions>
    </Filter>
    <Filter Include="Source">
      <UniqueIdentifier>{3ab8c56e-80f6-41ec-a933-be1cedef1f3c}</UniqueIdentifier>
    </Filter>
    <Filter Include="Include">
      <UniqueIdentifier>{87cb663c-792e-4e0d-a711-272770f7a727}</UniqueIdentifier>
    </Filter>
    <Filter Include="Imgui">
      <UniqueIdentifier>{5f6dba0b-f389-486c-acc8-d6925c7abf92}</UniqueIdentifier>
    </Filter>
    <Filter Include="Imgui\Include">
      <UniqueIdentifier>{d461d202-139c-463d-aab3-0f05ba1fe473}</UniqueIdentifier>
    </Filter>
    <Filter Include="Imgui\Source">
      <UniqueIdentifier>{b754f9c8-6743-4051-8637-ef21970866dd}</UniqueIdentifier>
    </Filter>
    <Filter Include="Include\Utilities">
      <UniqueIdentifier>{19064de9-a241-4c82-a302-e03c6b1462cb}</UniqueIdentifier>
    </Filter>
    <Filter Include="Include\ECS">
      <UniqueIdentifier>{57a49df4-e177-4180-b6f3-2eae5b87157e}</UniqueIdentifier>
    </Filter>
    <Filter Include="Include\Utilities\Matrix">
      <UniqueIdentifier>{0bfd3a29-1d7e-422c-83c8-6fd529db2d57}</UniqueIdentifier>
    </Filter>
    <Filter Include="Include\Utilities\Memory">
      <UniqueIdentifier>{dc929a72-aaa7-47c9-9e32-99f2f1816e96}</UniqueIdentifier>
    </Filter>
    <Filter Include="Include\Utilities\Vectors">
      <UniqueIdentifier>{a259144d-67f7-43fd-a117-61228e1a777e}</UniqueIdentifier>
    </Filter>
    <Filter Include="Include\Utilities\Structures">
      <UniqueIdentifier>{9a3cfec6-3807-4665-8c7a-d98de01a191b}</UniqueIdentifier>
    </Filter>
    <Filter Include="Source\ECS">
      <UniqueIdentifier>{6c1a5f51-4577-4983-87f0-f259c9da6cc9}</UniqueIdentifier>
    </Filter>
    <Filter Include="Include\Utilities\Utilities">
      <UniqueIdentifier>{c749a7d8-95fb-4053-aa12-081942fc2dac}</UniqueIdentifier>
    </Filter>
  </ItemGroup>
  <ItemGroup>
    <ClInclude Include="Include\Prerequisites.h">
      <Filter>Include</Filter>
    </ClInclude>
    <ClInclude Include="Include\BaseApp.h">
      <Filter>Include</Filter>
    </ClInclude>
    <ClInclude Include="Include\Window.h">
      <Filter>Include</Filter>
    </ClInclude>
    <ClInclude Include="Include\Swapchain.h">
      <Filter>Include</Filter>
    </ClInclude>
    <ClInclude Include="Include\Device.h">
      <Filter>Include</Filter>
    </ClInclude>
    <ClInclude Include="Include\DeviceContext.h">
      <Filter>Include</Filter>
    </ClInclude>
    <ClInclude Include="Include\Texture.h">
      <Filter>Include</Filter>
    </ClInclude>
    <ClInclude Include="Include\stb_image.h">
      <Filter>Include</Filter>
    </ClInclude>
    <ClInclude Include="Include\RenderTargetView.h">
      <Filter>Include</Filter>
    </ClInclude>
    <ClInclude Include="Include\DepthStencilView.h">
      <Filter>Include</Filter>
    </ClInclude>
    <ClInclude Include="Include\Viewport.h">
      <Filter>Include</Filter>
    </ClInclude>
    <ClInclude Include="Include\InputLayout.h">
      <Filter>Include</Filter>
    </ClInclude>
    <ClInclude Include="Include\ShaderProgram.h">
      <Filter>Include</Filter>
    </ClInclude>
    <ClInclude Include="Include\Buffer.h">
      <Filter>Include</Filter>
    </ClInclude>
    <ClInclude Include="Include\MeshComponent.h">
      <Filter>Include</Filter>
    </ClInclude>
    <ClInclude Include="Include\SamplerState.h">
      <Filter>Include</Filter>
    </ClInclude>
    <ClInclude Include="Include\UserInterface.h">
      <Filter>Include</Filter>
    </ClInclude>
    <ClInclude Include="Imgui\Include\imconfig.h">
      <Filter>Imgui\Include</Filter>
    </ClInclude>
    <ClInclude Include="Imgui\Include\imgui.h">
      <Filter>Imgui\Include</Filter>
    </ClInclude>
    <ClInclude Include="Imgui\Include\imgui_internal.h">
      <Filter>Imgui\Include</Filter>
    </ClInclude>
    <ClInclude Include="Imgui\Include\imstb_rectpack.h">
      <Filter>Imgui\Include</Filter>
    </ClInclude>
    <ClInclude Include="Imgui\Include\imstb_textedit.h">
      <Filter>Imgui\Include</Filter>
    </ClInclude>
    <ClInclude Include="Imgui\Include\imstb_truetype.h">
      <Filter>Imgui\Include</Filter>
    </ClInclude>
    <ClInclude Include="Imgui\Source\imgui_impl_dx11.h">
      <Filter>Imgui\Source</Filter>
    </ClInclude>
    <ClInclude Include="Imgui\Source\imgui_impl_win32.h">
      <Filter>Imgui\Source</Filter>
    </ClInclude>
    <ClInclude Include="Imgui\Include\ImGuizmo.h">
      <Filter>Imgui\Include</Filter>
    </ClInclude>
    <ClInclude Include="..\ImGuizmo-master\ImGuizmo-master\GraphEditor.h">
      <Filter>Imgui\Include</Filter>
    </ClInclude>
    <ClInclude Include="..\ImGuizmo-master\ImGuizmo-master\ImCurveEdit.h">
      <Filter>Imgui\Include</Filter>
    </ClInclude>
    <ClInclude Include="..\ImGuizmo-master\ImGuizmo-master\ImGradient.h">
      <Filter>Imgui\Include</Filter>
    </ClInclude>
    <ClInclude Include="..\ImGuizmo-master\ImGuizmo-master\ImSequencer.h">
      <Filter>Imgui\Include</Filter>
    </ClInclude>
    <ClInclude Include="..\ImGuizmo-master\ImGuizmo-master\ImZoomSlider.h">
      <Filter>Imgui\Include</Filter>
    </ClInclude>
    <ClInclude Include="Include\ModelLoader.h">
      <Filter>Include</Filter>
    </ClInclude>
    <ClInclude Include="Include\Utilities\Matrix\Matrix2x2.h">
      <Filter>Include\Utilities\Matrix</Filter>
    </ClInclude>
    <ClInclude Include="Include\Utilities\Matrix\Matrix3x3.h">
      <Filter>Include\Utilities\Matrix</Filter>
    </ClInclude>
    <ClInclude Include="Include\Utilities\Matrix\Matrix4x4.h">
      <Filter>Include\Utilities\Matrix</Filter>
    </ClInclude>
    <ClInclude Include="Include\Utilities\Memory\TSharedPointer.h">
      <Filter>Include\Utilities\Memory</Filter>
    </ClInclude>
    <ClInclude Include="Include\Utilities\Memory\TStaticPtr.h">
      <Filter>Include\Utilities\Memory</Filter>
    </ClInclude>
    <ClInclude Include="Include\Utilities\Memory\TUniquePtr.h">
      <Filter>Include\Utilities\Memory</Filter>
    </ClInclude>
    <ClInclude Include="Include\Utilities\Memory\TWeakPointer.h">
      <Filter>Include\Utilities\Memory</Filter>
    </ClInclude>
    <ClInclude Include="Include\Utilities\Structures\TArray.h">
      <Filter>Include\Utilities\Structures</Filter>
    </ClInclude>
    <ClInclude Include="Include\Utilities\Structures\TMap.h">
      <Filter>Include\Utilities\Structures</Filter>
    </ClInclude>
    <ClInclude Include="Include\Utilities\Structures\TPair.h">
      <Filter>Include\Utilities\Structures</Filter>
    </ClInclude>
    <ClInclude Include="Include\Utilities\Structures\TSet.h">
      <Filter>Include\Utilities\Structures</Filter>
    </ClInclude>
    <ClInclude Include="Include\Utilities\Vectors\Quaternion.h">
      <Filter>Include\Utilities\Vectors</Filter>
    </ClInclude>
    <ClInclude Include="Include\Utilities\Vectors\Vector2.h">
      <Filter>Include\Utilities\Vectors</Filter>
    </ClInclude>
    <ClInclude Include="Include\Utilities\Vectors\Vector3.h">
      <Filter>Include\Utilities\Vectors</Filter>
    </ClInclude>
    <ClInclude Include="Include\Utilities\Vectors\Vector4.h">
      <Filter>Include\Utilities\Vectors</Filter>
    </ClInclude>
    <ClInclude Include="Include\ECS\Entity.h">
      <Filter>Include\ECS</Filter>
    </ClInclude>
    <ClInclude Include="Include\ECS\Component.h">
      <Filter>Include\ECS</Filter>
    </ClInclude>
    <ClInclude Include="Include\ECS\Actor.h">
      <Filter>Include\ECS</Filter>
    </ClInclude>
    <ClInclude Include="Include\ECS\Transform.h">
      <Filter>Include\ECS</Filter>
    </ClInclude>
    <ClInclude Include="Include\Utilities\Utilities\EngineMath.h">
      <Filter>Include\Utilities\Utilities</Filter>
    </ClInclude>
  </ItemGroup>
  <ItemGroup>
    <ClCompile Include="KamogawaEngine-.cpp" />
    <ClCompile Include="Source\BaseApp.cpp">
      <Filter>Source</Filter>
    </ClCompile>
    <ClCompile Include="Source\Window.cpp">
      <Filter>Source</Filter>
    </ClCompile>
    <ClCompile Include="Source\Device.cpp">
      <Filter>Source</Filter>
    </ClCompile>
    <ClCompile Include="Source\DeviceContext.cpp">
      <Filter>Source</Filter>
    </ClCompile>
    <ClCompile Include="Source\Texture.cpp">
      <Filter>Source</Filter>
    </ClCompile>
    <ClCompile Include="Source\Swapchain.cpp">
      <Filter>Source</Filter>
    </ClCompile>
    <ClCompile Include="Source\DepthStencilView.cpp">
      <Filter>Source</Filter>
    </ClCompile>
    <ClCompile Include="Source\RenderTargetView.cpp">
      <Filter>Source</Filter>
    </ClCompile>
    <ClCompile Include="Source\Viewport.cpp">
      <Filter>Source</Filter>
    </ClCompile>
    <ClCompile Include="Source\InputLayout.cpp">
      <Filter>Source</Filter>
    </ClCompile>
    <ClCompile Include="Source\ShaderProgram.cpp">
      <Filter>Source</Filter>
    </ClCompile>
    <ClCompile Include="Source\Buffer.cpp">
      <Filter>Source</Filter>
    </ClCompile>
    <ClCompile Include="Source\SamplerState.cpp">
      <Filter>Source</Filter>
    </ClCompile>
    <ClCompile Include="Source\UserInterface.cpp">
      <Filter>Source</Filter>
    </ClCompile>
    <ClCompile Include="Imgui\Source\imgui.cpp">
      <Filter>Imgui\Source</Filter>
    </ClCompile>
    <ClCompile Include="Imgui\Source\imgui_demo.cpp">
      <Filter>Imgui\Source</Filter>
    </ClCompile>
    <ClCompile Include="Imgui\Source\imgui_draw.cpp">
      <Filter>Imgui\Source</Filter>
    </ClCompile>
    <ClCompile Include="Imgui\Source\imgui_impl_dx11.cpp">
      <Filter>Imgui\Source</Filter>
    </ClCompile>
    <ClCompile Include="Imgui\Source\imgui_impl_win32.cpp">
      <Filter>Imgui\Source</Filter>
    </ClCompile>
    <ClCompile Include="Imgui\Source\imgui_tables.cpp">
      <Filter>Imgui\Source</Filter>
    </ClCompile>
    <ClCompile Include="Imgui\Source\imgui_widgets.cpp">
      <Filter>Imgui\Source</Filter>
    </ClCompile>
    <ClCompile Include="Imgui\Source\ImGuizmo.cpp">
      <Filter>Imgui\Source</Filter>
    </ClCompile>
    <ClCompile Include="..\ImGuizmo-master\ImGuizmo-master\GraphEditor.cpp">
      <Filter>Imgui\Source</Filter>
    </ClCompile>
    <ClCompile Include="..\ImGuizmo-master\ImGuizmo-master\ImCurveEdit.cpp">
      <Filter>Imgui\Source</Filter>
    </ClCompile>
    <ClCompile Include="..\ImGuizmo-master\ImGuizmo-master\ImGradient.cpp">
      <Filter>Imgui\Source</Filter>
    </ClCompile>
    <ClCompile Include="..\ImGuizmo-master\ImGuizmo-master\ImSequencer.cpp">
      <Filter>Imgui\Source</Filter>
    </ClCompile>
    <ClCompile Include="Source\ModelLoader.cpp">
      <Filter>Source</Filter>
    </ClCompile>
    <ClCompile Include="Source\ECS\Actor.cpp">
      <Filter>Source\ECS</Filter>
    </ClCompile>
    <ClCompile Include="Source\ECS\Transform.cpp">
      <Filter>Source\ECS</Filter>
    </ClCompile>
  </ItemGroup>
  <ItemGroup>
    <None Include="KamogawaEngine-.fx">
      <Filter>Shaders</Filter>
    </None>
  </ItemGroup>
  <ItemGroup>
    <CLInclude Include="resource.h">
      <Filter>Resource Files</Filter>
    </CLInclude>
    <ResourceCompile Include="KamogawaEngine-.rc">
      <Filter>Resource Files</Filter>
    </ResourceCompile>
  </ItemGroup>
  <ItemGroup>
  </ItemGroup>
</Project>